{
  "nodes": {
    "flakeNimbleLib": {
      "inputs": {
        "nixpkgs": [
          "nixpkgs"
        ]
      },
      "locked": {
        "lastModified": 1662018438,
        "narHash": "sha256-QtNtU6+LX3Wokxf0zlFwKTFOcn6TeDjKQZ+DA9OYtvM=",
        "owner": "riinr",
        "repo": "nim-flakes-lib",
        "rev": "b1fe8340736e3a85d25c709ac3dfd82a55c03cbf",
        "type": "github"
      },
      "original": {
        "owner": "riinr",
        "ref": "master",
        "repo": "nim-flakes-lib",
        "type": "github"
      }
    },
    "kissfft-master": {
      "inputs": {
        "flakeNimbleLib": [
          "flakeNimbleLib"
        ],
        "nixpkgs": [
          "nixpkgs"
        ],
        "src-kissfft-master": "src-kissfft-master"
      },
      "locked": {
        "dir": "master",
        "lastModified": 1662254558,
        "narHash": "sha256-pIiNt30RvKhrGCe5W3lMZg7y4vJl4OTZF7xfWGpjYbM=",
        "owner": "nim-nix-pkgs",
        "repo": "kissfft",
        "rev": "ba5c0c691a52737c497f5572a7df2b1ff8a4bc24",
        "type": "github"
      },
      "original": {
        "dir": "master",
        "owner": "nim-nix-pkgs",
        "ref": "master",
        "repo": "kissfft",
        "type": "github"
      }
    },
    "nixpkgs": {
      "locked": {
        "lastModified": 1667110639,
        "narHash": "sha256-4FbPESZ5LbqQxkJJJBAfk/zKgF9h/4kyUwjjpJwYlbc=",
        "owner": "NixOS",
        "repo": "nixpkgs",
        "rev": "f38a1f04d1bec1feb61fd101a0539ae2002a7087",
        "type": "github"
      },
      "original": {
        "id": "nixpkgs",
        "type": "indirect"
      }
    },
    "root": {
      "inputs": {
        "flakeNimbleLib": "flakeNimbleLib",
        "kissfft-master": "kissfft-master",
        "nixpkgs": "nixpkgs"
      }
    },
    "src-kissfft-master": {
      "flake": false,
      "locked": {
        "lastModified": 1548458352,
        "narHash": "sha256-uQbBETu1qqmH+oFqUbcTEeqOm54NwFWHlcDmhPRF0g8=",
        "owner": "m13253",
        "repo": "nim-kissfft",
        "rev": "8ac38ac8e770209e75e68c7014ef3dc6858af8c9",
        "type": "github"
      },
      "original": {
        "owner": "m13253",
        "ref": "refs/heads/master",
        "repo": "nim-kissfft",
        "type": "github"
      }
    }
  },
  "root": "root",
  "version": 7
}
